
Microsoft Visual Studio Solution File, Format Version 12.00
# Visual Studio Version 17
VisualStudioVersion = 17.8.34408.163
MinimumVisualStudioVersion = 10.0.40219.1
Project("{FAE04EC0-301F-11D3-BF4B-00C04F79EFBC}") = "JQueryAjaxTest", "JQueryAjaxTest\JQueryAjaxTest.csproj", "{56A0D5A2-88F5-48B8-B076-76E50D7FEF54}"
EndProject
Global
	GlobalSection(SolutionConfigurationPlatforms) = preSolution
		Debug|Any CPU = Debug|Any CPU
		Release|Any CPU = Release|Any CPU
	EndGlobalSection
	GlobalSection(ProjectConfigurationPlatforms) = postSolution
		{56A0D5A2-88F5-48B8-B076-76E50D7FEF54}.Debug|Any CPU.ActiveCfg = Debug|Any CPU
		{56A0D5A2-88F5-48B8-B076-76E50D7FEF54}.Debug|Any CPU.Build.0 = Debug|Any CPU
		{56A0D5A2-88F5-48B8-B076-76E50D7FEF54}.Release|Any CPU.ActiveCfg = Release|Any CPU
		{56A0D5A2-88F5-48B8-B076-76E50D7FEF54}.Release|Any CPU.Build.0 = Release|Any CPU
	EndGlobalSection
	GlobalSection(SolutionProperties) = preSolution
		HideSolutionNode = FALSE
	EndGlobalSection
	GlobalSection(ExtensibilityGlobals) = postSolution
		SolutionGuid = {294F9159-AF29-487F-A682-9A1EB8188EF2}
	EndGlobalSection
EndGlobal
